// !$*UTF8*$!
{
	archiveVersion = 1;
	classes = {
	};
	objectVersion = 60;
	objects = {

/* Begin PBXBuildFile section */
		36206E492B936B7100F76521 /* GraphQLClient.swift in Sources */ = {isa = PBXBuildFile; fileRef = 36206E482B936B7100F76521 /* GraphQLClient.swift */; };
		36206E4C2B936E5400F76521 /* schema.graphqls in Resources */ = {isa = PBXBuildFile; fileRef = 36206E4B2B936E5400F76521 /* schema.graphqls */; };
		36206E602B936E7900F76521 /* OnLiveEventUpdate.graphql in Resources */ = {isa = PBXBuildFile; fileRef = 36206E4D2B936E7800F76521 /* OnLiveEventUpdate.graphql */; };
		36206E612B936E7900F76521 /* GetEventItemsByLiveEventId.graphql in Resources */ = {isa = PBXBuildFile; fileRef = 36206E4E2B936E7800F76521 /* GetEventItemsByLiveEventId.graphql */; };
		36206E622B936E7900F76521 /* OnCreateChatMessage.graphql in Resources */ = {isa = PBXBuildFile; fileRef = 36206E4F2B936E7800F76521 /* OnCreateChatMessage.graphql */; };
		36206E632B936E7900F76521 /* IncreaseViewerVideo.graphql in Resources */ = {isa = PBXBuildFile; fileRef = 36206E502B936E7900F76521 /* IncreaseViewerVideo.graphql */; };
		36206E642B936E7900F76521 /* GetUserInteractionForLiveEvent.graphql in Resources */ = {isa = PBXBuildFile; fileRef = 36206E512B936E7900F76521 /* GetUserInteractionForLiveEvent.graphql */; };
		36206E652B936E7900F76521 /* CreateChatMessage.graphql in Resources */ = {isa = PBXBuildFile; fileRef = 36206E522B936E7900F76521 /* CreateChatMessage.graphql */; };
		36206E662B936E7900F76521 /* GetVideoById.graphql in Resources */ = {isa = PBXBuildFile; fileRef = 36206E532B936E7900F76521 /* GetVideoById.graphql */; };
		36206E672B936E7900F76521 /* GetChatRoomContentByEventId.graphql in Resources */ = {isa = PBXBuildFile; fileRef = 36206E542B936E7900F76521 /* GetChatRoomContentByEventId.graphql */; };
		36206E682B936E7900F76521 /* GetLiveEventById.graphql in Resources */ = {isa = PBXBuildFile; fileRef = 36206E552B936E7900F76521 /* GetLiveEventById.graphql */; };
		36206E692B936E7900F76521 /* GetLiveEvents.graphql in Resources */ = {isa = PBXBuildFile; fileRef = 36206E562B936E7900F76521 /* GetLiveEvents.graphql */; };
		36206E6A2B936E7900F76521 /* OnVideoStatsChange.graphql in Resources */ = {isa = PBXBuildFile; fileRef = 36206E572B936E7900F76521 /* OnVideoStatsChange.graphql */; };
		36206E6B2B936E7900F76521 /* IncreaseViewerLiveEvent.graphql in Resources */ = {isa = PBXBuildFile; fileRef = 36206E582B936E7900F76521 /* IncreaseViewerLiveEvent.graphql */; };
		36206E6C2B936E7900F76521 /* LikeVideo.graphql in Resources */ = {isa = PBXBuildFile; fileRef = 36206E592B936E7900F76521 /* LikeVideo.graphql */; };
		36206E6D2B936E7900F76521 /* GetLiveViewerCount.graphql in Resources */ = {isa = PBXBuildFile; fileRef = 36206E5A2B936E7900F76521 /* GetLiveViewerCount.graphql */; };
		36206E6E2B936E7900F76521 /* GetUserInteractionForVideo.graphql in Resources */ = {isa = PBXBuildFile; fileRef = 36206E5B2B936E7900F76521 /* GetUserInteractionForVideo.graphql */; };
		36206E6F2B936E7900F76521 /* OnLiveEventStatsChange.graphql in Resources */ = {isa = PBXBuildFile; fileRef = 36206E5C2B936E7900F76521 /* OnLiveEventStatsChange.graphql */; };
		36206E702B936E7900F76521 /* OnVideoUpdate.graphql in Resources */ = {isa = PBXBuildFile; fileRef = 36206E5D2B936E7900F76521 /* OnVideoUpdate.graphql */; };
		36206E712B936E7900F76521 /* GetVideos.graphql in Resources */ = {isa = PBXBuildFile; fileRef = 36206E5E2B936E7900F76521 /* GetVideos.graphql */; };
		36206E722B936E7900F76521 /* LikeLiveEvent.graphql in Resources */ = {isa = PBXBuildFile; fileRef = 36206E5F2B936E7900F76521 /* LikeLiveEvent.graphql */; };
		36206E752B93702B00F76521 /* ClickmeliveSaasAPI in Frameworks */ = {isa = PBXBuildFile; productRef = 36206E742B93702B00F76521 /* ClickmeliveSaasAPI */; };
		3695F0382B935FFB003925F1 /* Apollo in Frameworks */ = {isa = PBXBuildFile; productRef = 3695F0372B935FFB003925F1 /* Apollo */; };
		3695F03A2B935FFB003925F1 /* ApolloAPI in Frameworks */ = {isa = PBXBuildFile; productRef = 3695F0392B935FFB003925F1 /* ApolloAPI */; };
		3695F03C2B935FFB003925F1 /* ApolloWebSocket in Frameworks */ = {isa = PBXBuildFile; productRef = 3695F03B2B935FFB003925F1 /* ApolloWebSocket */; };
		3695F03E2B936027003925F1 /* CMLApolloClient.swift in Sources */ = {isa = PBXBuildFile; fileRef = 3695F03D2B936027003925F1 /* CMLApolloClient.swift */; };
		3695F0412B936072003925F1 /* AuthorizationInterceptor.swift in Sources */ = {isa = PBXBuildFile; fileRef = 3695F0402B936072003925F1 /* AuthorizationInterceptor.swift */; };
		3695F0432B93607E003925F1 /* AppSyncRequestBodyCreator.swift in Sources */ = {isa = PBXBuildFile; fileRef = 3695F0422B93607E003925F1 /* AppSyncRequestBodyCreator.swift */; };
		3695F0452B936097003925F1 /* NetworkInterceptorProvider.swift in Sources */ = {isa = PBXBuildFile; fileRef = 3695F0442B936097003925F1 /* NetworkInterceptorProvider.swift */; };
		3695F0482B936104003925F1 /* CMLConstants.swift in Sources */ = {isa = PBXBuildFile; fileRef = 3695F0472B936104003925F1 /* CMLConstants.swift */; };
		3695F04B2B936133003925F1 /* CML.swift in Sources */ = {isa = PBXBuildFile; fileRef = 3695F04A2B936133003925F1 /* CML.swift */; };
		3695F04D2B936143003925F1 /* CMLOptions.swift in Sources */ = {isa = PBXBuildFile; fileRef = 3695F04C2B936143003925F1 /* CMLOptions.swift */; };
/* End PBXBuildFile section */

/* Begin PBXFileReference section */
		36206E482B936B7100F76521 /* GraphQLClient.swift */ = {isa = PBXFileReference; lastKnownFileType = sourcecode.swift; path = GraphQLClient.swift; sourceTree = "<group>"; };
		36206E4B2B936E5400F76521 /* schema.graphqls */ = {isa = PBXFileReference; fileEncoding = 4; lastKnownFileType = text; path = schema.graphqls; sourceTree = "<group>"; };
		36206E4D2B936E7800F76521 /* OnLiveEventUpdate.graphql */ = {isa = PBXFileReference; fileEncoding = 4; lastKnownFileType = text; path = OnLiveEventUpdate.graphql; sourceTree = "<group>"; };
		36206E4E2B936E7800F76521 /* GetEventItemsByLiveEventId.graphql */ = {isa = PBXFileReference; fileEncoding = 4; lastKnownFileType = text; path = GetEventItemsByLiveEventId.graphql; sourceTree = "<group>"; };
		36206E4F2B936E7800F76521 /* OnCreateChatMessage.graphql */ = {isa = PBXFileReference; fileEncoding = 4; lastKnownFileType = text; path = OnCreateChatMessage.graphql; sourceTree = "<group>"; };
		36206E502B936E7900F76521 /* IncreaseViewerVideo.graphql */ = {isa = PBXFileReference; fileEncoding = 4; lastKnownFileType = text; path = IncreaseViewerVideo.graphql; sourceTree = "<group>"; };
		36206E512B936E7900F76521 /* GetUserInteractionForLiveEvent.graphql */ = {isa = PBXFileReference; fileEncoding = 4; lastKnownFileType = text; path = GetUserInteractionForLiveEvent.graphql; sourceTree = "<group>"; };
		36206E522B936E7900F76521 /* CreateChatMessage.graphql */ = {isa = PBXFileReference; fileEncoding = 4; lastKnownFileType = text; path = CreateChatMessage.graphql; sourceTree = "<group>"; };
		36206E532B936E7900F76521 /* GetVideoById.graphql */ = {isa = PBXFileReference; fileEncoding = 4; lastKnownFileType = text; path = GetVideoById.graphql; sourceTree = "<group>"; };
		36206E542B936E7900F76521 /* GetChatRoomContentByEventId.graphql */ = {isa = PBXFileReference; fileEncoding = 4; lastKnownFileType = text; path = GetChatRoomContentByEventId.graphql; sourceTree = "<group>"; };
		36206E552B936E7900F76521 /* GetLiveEventById.graphql */ = {isa = PBXFileReference; fileEncoding = 4; lastKnownFileType = text; path = GetLiveEventById.graphql; sourceTree = "<group>"; };
		36206E562B936E7900F76521 /* GetLiveEvents.graphql */ = {isa = PBXFileReference; fileEncoding = 4; lastKnownFileType = text; path = GetLiveEvents.graphql; sourceTree = "<group>"; };
		36206E572B936E7900F76521 /* OnVideoStatsChange.graphql */ = {isa = PBXFileReference; fileEncoding = 4; lastKnownFileType = text; path = OnVideoStatsChange.graphql; sourceTree = "<group>"; };
		36206E582B936E7900F76521 /* IncreaseViewerLiveEvent.graphql */ = {isa = PBXFileReference; fileEncoding = 4; lastKnownFileType = text; path = IncreaseViewerLiveEvent.graphql; sourceTree = "<group>"; };
		36206E592B936E7900F76521 /* LikeVideo.graphql */ = {isa = PBXFileReference; fileEncoding = 4; lastKnownFileType = text; path = LikeVideo.graphql; sourceTree = "<group>"; };
		36206E5A2B936E7900F76521 /* GetLiveViewerCount.graphql */ = {isa = PBXFileReference; fileEncoding = 4; lastKnownFileType = text; path = GetLiveViewerCount.graphql; sourceTree = "<group>"; };
		36206E5B2B936E7900F76521 /* GetUserInteractionForVideo.graphql */ = {isa = PBXFileReference; fileEncoding = 4; lastKnownFileType = text; path = GetUserInteractionForVideo.graphql; sourceTree = "<group>"; };
		36206E5C2B936E7900F76521 /* OnLiveEventStatsChange.graphql */ = {isa = PBXFileReference; fileEncoding = 4; lastKnownFileType = text; path = OnLiveEventStatsChange.graphql; sourceTree = "<group>"; };
		36206E5D2B936E7900F76521 /* OnVideoUpdate.graphql */ = {isa = PBXFileReference; fileEncoding = 4; lastKnownFileType = text; path = OnVideoUpdate.graphql; sourceTree = "<group>"; };
		36206E5E2B936E7900F76521 /* GetVideos.graphql */ = {isa = PBXFileReference; fileEncoding = 4; lastKnownFileType = text; path = GetVideos.graphql; sourceTree = "<group>"; };
		36206E5F2B936E7900F76521 /* LikeLiveEvent.graphql */ = {isa = PBXFileReference; fileEncoding = 4; lastKnownFileType = text; path = LikeLiveEvent.graphql; sourceTree = "<group>"; };
		3695F01F2B935DDD003925F1 /* ClickmeliveCore.framework */ = {isa = PBXFileReference; explicitFileType = wrapper.framework; includeInIndex = 0; path = ClickmeliveCore.framework; sourceTree = BUILT_PRODUCTS_DIR; };
		3695F02E2B935E62003925F1 /* ClickmeliveUI.framework */ = {isa = PBXFileReference; explicitFileType = wrapper.framework; includeInIndex = 0; path = ClickmeliveUI.framework; sourceTree = BUILT_PRODUCTS_DIR; };
		3695F03D2B936027003925F1 /* CMLApolloClient.swift */ = {isa = PBXFileReference; lastKnownFileType = sourcecode.swift; path = CMLApolloClient.swift; sourceTree = "<group>"; };
		3695F0402B936072003925F1 /* AuthorizationInterceptor.swift */ = {isa = PBXFileReference; lastKnownFileType = sourcecode.swift; path = AuthorizationInterceptor.swift; sourceTree = "<group>"; };
		3695F0422B93607E003925F1 /* AppSyncRequestBodyCreator.swift */ = {isa = PBXFileReference; lastKnownFileType = sourcecode.swift; path = AppSyncRequestBodyCreator.swift; sourceTree = "<group>"; };
		3695F0442B936097003925F1 /* NetworkInterceptorProvider.swift */ = {isa = PBXFileReference; lastKnownFileType = sourcecode.swift; path = NetworkInterceptorProvider.swift; sourceTree = "<group>"; };
		3695F0472B936104003925F1 /* CMLConstants.swift */ = {isa = PBXFileReference; lastKnownFileType = sourcecode.swift; path = CMLConstants.swift; sourceTree = "<group>"; };
		3695F04A2B936133003925F1 /* CML.swift */ = {isa = PBXFileReference; lastKnownFileType = sourcecode.swift; path = CML.swift; sourceTree = "<group>"; };
		3695F04C2B936143003925F1 /* CMLOptions.swift */ = {isa = PBXFileReference; lastKnownFileType = sourcecode.swift; path = CMLOptions.swift; sourceTree = "<group>"; };
/* End PBXFileReference section */

/* Begin PBXFrameworksBuildPhase section */
		3695F01C2B935DDD003925F1 /* Frameworks */ = {
			isa = PBXFrameworksBuildPhase;
			buildActionMask = 2147483647;
			files = (
				36206E752B93702B00F76521 /* ClickmeliveSaasAPI in Frameworks */,
				3695F03A2B935FFB003925F1 /* ApolloAPI in Frameworks */,
				3695F03C2B935FFB003925F1 /* ApolloWebSocket in Frameworks */,
				3695F0382B935FFB003925F1 /* Apollo in Frameworks */,
			);
			runOnlyForDeploymentPostprocessing = 0;
		};
		3695F02B2B935E62003925F1 /* Frameworks */ = {
			isa = PBXFrameworksBuildPhase;
			buildActionMask = 2147483647;
			files = (
			);
			runOnlyForDeploymentPostprocessing = 0;
		};
/* End PBXFrameworksBuildPhase section */

/* Begin PBXGroup section */
		36206E472B936B3500F76521 /* SDK Interfaces */ = {
			isa = PBXGroup;
			children = (
			);
			path = "SDK Interfaces";
			sourceTree = "<group>";
		};
		36206E4A2B936E5400F76521 /* graphql */ = {
			isa = PBXGroup;
			children = (
				36206E4B2B936E5400F76521 /* schema.graphqls */,
				36206E522B936E7900F76521 /* CreateChatMessage.graphql */,
				36206E542B936E7900F76521 /* GetChatRoomContentByEventId.graphql */,
				36206E4E2B936E7800F76521 /* GetEventItemsByLiveEventId.graphql */,
				36206E552B936E7900F76521 /* GetLiveEventById.graphql */,
				36206E562B936E7900F76521 /* GetLiveEvents.graphql */,
				36206E5A2B936E7900F76521 /* GetLiveViewerCount.graphql */,
				36206E512B936E7900F76521 /* GetUserInteractionForLiveEvent.graphql */,
				36206E5B2B936E7900F76521 /* GetUserInteractionForVideo.graphql */,
				36206E532B936E7900F76521 /* GetVideoById.graphql */,
				36206E5E2B936E7900F76521 /* GetVideos.graphql */,
				36206E582B936E7900F76521 /* IncreaseViewerLiveEvent.graphql */,
				36206E502B936E7900F76521 /* IncreaseViewerVideo.graphql */,
				36206E5F2B936E7900F76521 /* LikeLiveEvent.graphql */,
				36206E592B936E7900F76521 /* LikeVideo.graphql */,
				36206E4F2B936E7800F76521 /* OnCreateChatMessage.graphql */,
				36206E5C2B936E7900F76521 /* OnLiveEventStatsChange.graphql */,
				36206E4D2B936E7800F76521 /* OnLiveEventUpdate.graphql */,
				36206E572B936E7900F76521 /* OnVideoStatsChange.graphql */,
				36206E5D2B936E7900F76521 /* OnVideoUpdate.graphql */,
			);
			path = graphql;
			sourceTree = "<group>";
		};
		3695F0152B935DDD003925F1 = {
			isa = PBXGroup;
			children = (
				3695F0212B935DDD003925F1 /* ClickmeliveCore */,
				3695F02F2B935E62003925F1 /* ClickmeliveUI */,
				36206E4A2B936E5400F76521 /* graphql */,
				3695F0202B935DDD003925F1 /* Products */,
			);
			sourceTree = "<group>";
		};
		3695F0202B935DDD003925F1 /* Products */ = {
			isa = PBXGroup;
			children = (
				3695F01F2B935DDD003925F1 /* ClickmeliveCore.framework */,
				3695F02E2B935E62003925F1 /* ClickmeliveUI.framework */,
			);
			name = Products;
			sourceTree = "<group>";
		};
		3695F0212B935DDD003925F1 /* ClickmeliveCore */ = {
			isa = PBXGroup;
			children = (
				3695F0352B935FA3003925F1 /* API */,
				3695F03F2B936060003925F1 /* API Infra */,
				3695F0492B93611A003925F1 /* SDK Interfaces */,
				3695F0462B9360EB003925F1 /* Utility */,
			);
			path = ClickmeliveCore;
			sourceTree = "<group>";
		};
		3695F02F2B935E62003925F1 /* ClickmeliveUI */ = {
			isa = PBXGroup;
			children = (
				36206E472B936B3500F76521 /* SDK Interfaces */,
			);
			path = ClickmeliveUI;
			sourceTree = "<group>";
		};
		3695F0352B935FA3003925F1 /* API */ = {
			isa = PBXGroup;
			children = (
				3695F03D2B936027003925F1 /* CMLApolloClient.swift */,
				36206E482B936B7100F76521 /* GraphQLClient.swift */,
			);
			path = API;
			sourceTree = "<group>";
		};
		3695F03F2B936060003925F1 /* API Infra */ = {
			isa = PBXGroup;
			children = (
				3695F0402B936072003925F1 /* AuthorizationInterceptor.swift */,
				3695F0422B93607E003925F1 /* AppSyncRequestBodyCreator.swift */,
				3695F0442B936097003925F1 /* NetworkInterceptorProvider.swift */,
			);
			path = "API Infra";
			sourceTree = "<group>";
		};
		3695F0462B9360EB003925F1 /* Utility */ = {
			isa = PBXGroup;
			children = (
				3695F0472B936104003925F1 /* CMLConstants.swift */,
			);
			path = Utility;
			sourceTree = "<group>";
		};
		3695F0492B93611A003925F1 /* SDK Interfaces */ = {
			isa = PBXGroup;
			children = (
				3695F04A2B936133003925F1 /* CML.swift */,
				3695F04C2B936143003925F1 /* CMLOptions.swift */,
			);
			path = "SDK Interfaces";
			sourceTree = "<group>";
		};
/* End PBXGroup section */

/* Begin PBXHeadersBuildPhase section */
		3695F01A2B935DDD003925F1 /* Headers */ = {
			isa = PBXHeadersBuildPhase;
			buildActionMask = 2147483647;
			files = (
			);
			runOnlyForDeploymentPostprocessing = 0;
		};
		3695F0292B935E62003925F1 /* Headers */ = {
			isa = PBXHeadersBuildPhase;
			buildActionMask = 2147483647;
			files = (
			);
			runOnlyForDeploymentPostprocessing = 0;
		};
/* End PBXHeadersBuildPhase section */

/* Begin PBXNativeTarget section */
		3695F01E2B935DDD003925F1 /* ClickmeliveCore */ = {
			isa = PBXNativeTarget;
			buildConfigurationList = 3695F0262B935DDD003925F1 /* Build configuration list for PBXNativeTarget "ClickmeliveCore" */;
			buildPhases = (
				3695F01A2B935DDD003925F1 /* Headers */,
				3695F01B2B935DDD003925F1 /* Sources */,
				3695F01C2B935DDD003925F1 /* Frameworks */,
				3695F01D2B935DDD003925F1 /* Resources */,
			);
			buildRules = (
			);
			dependencies = (
			);
			name = ClickmeliveCore;
			packageProductDependencies = (
				3695F0372B935FFB003925F1 /* Apollo */,
				3695F0392B935FFB003925F1 /* ApolloAPI */,
				3695F03B2B935FFB003925F1 /* ApolloWebSocket */,
				36206E742B93702B00F76521 /* ClickmeliveSaasAPI */,
			);
			productName = Clickmelive;
			productReference = 3695F01F2B935DDD003925F1 /* ClickmeliveCore.framework */;
			productType = "com.apple.product-type.framework";
		};
		3695F02D2B935E62003925F1 /* ClickmeliveUI */ = {
			isa = PBXNativeTarget;
			buildConfigurationList = 3695F0322B935E62003925F1 /* Build configuration list for PBXNativeTarget "ClickmeliveUI" */;
			buildPhases = (
				3695F0292B935E62003925F1 /* Headers */,
				3695F02A2B935E62003925F1 /* Sources */,
				3695F02B2B935E62003925F1 /* Frameworks */,
				3695F02C2B935E62003925F1 /* Resources */,
			);
			buildRules = (
			);
			dependencies = (
			);
			name = ClickmeliveUI;
			productName = ClickmeliveUI;
			productReference = 3695F02E2B935E62003925F1 /* ClickmeliveUI.framework */;
			productType = "com.apple.product-type.framework";
		};
/* End PBXNativeTarget section */

/* Begin PBXProject section */
		3695F0162B935DDD003925F1 /* Project object */ = {
			isa = PBXProject;
			attributes = {
				BuildIndependentTargetsInParallel = 1;
				LastUpgradeCheck = 1500;
				TargetAttributes = {
					3695F01E2B935DDD003925F1 = {
						CreatedOnToolsVersion = 15.0.1;
						LastSwiftMigration = 1500;
					};
					3695F02D2B935E62003925F1 = {
						CreatedOnToolsVersion = 15.0.1;
					};
				};
			};
			buildConfigurationList = 3695F0192B935DDD003925F1 /* Build configuration list for PBXProject "Clickmelive" */;
			compatibilityVersion = "Xcode 14.0";
			developmentRegion = en;
			hasScannedForEncodings = 0;
			knownRegions = (
				en,
				Base,
			);
			mainGroup = 3695F0152B935DDD003925F1;
			packageReferences = (
				3695F0362B935FFB003925F1 /* XCRemoteSwiftPackageReference "apollo-ios" */,
				36206E732B93702B00F76521 /* XCLocalSwiftPackageReference "ClickmeliveSaasAPI" */,
			);
			productRefGroup = 3695F0202B935DDD003925F1 /* Products */;
			projectDirPath = "";
			projectRoot = "";
			targets = (
				3695F01E2B935DDD003925F1 /* ClickmeliveCore */,
				3695F02D2B935E62003925F1 /* ClickmeliveUI */,
			);
		};
/* End PBXProject section */

/* Begin PBXResourcesBuildPhase section */
		3695F01D2B935DDD003925F1 /* Resources */ = {
			isa = PBXResourcesBuildPhase;
			buildActionMask = 2147483647;
			files = (
				36206E662B936E7900F76521 /* GetVideoById.graphql in Resources */,
				36206E672B936E7900F76521 /* GetChatRoomContentByEventId.graphql in Resources */,
				36206E612B936E7900F76521 /* GetEventItemsByLiveEventId.graphql in Resources */,
				36206E702B936E7900F76521 /* OnVideoUpdate.graphql in Resources */,
				36206E602B936E7900F76521 /* OnLiveEventUpdate.graphql in Resources */,
				36206E6C2B936E7900F76521 /* LikeVideo.graphql in Resources */,
				36206E6D2B936E7900F76521 /* GetLiveViewerCount.graphql in Resources */,
				36206E6A2B936E7900F76521 /* OnVideoStatsChange.graphql in Resources */,
				36206E622B936E7900F76521 /* OnCreateChatMessage.graphql in Resources */,
				36206E6F2B936E7900F76521 /* OnLiveEventStatsChange.graphql in Resources */,
				36206E652B936E7900F76521 /* CreateChatMessage.graphql in Resources */,
				36206E642B936E7900F76521 /* GetUserInteractionForLiveEvent.graphql in Resources */,
				36206E692B936E7900F76521 /* GetLiveEvents.graphql in Resources */,
				36206E722B936E7900F76521 /* LikeLiveEvent.graphql in Resources */,
				36206E682B936E7900F76521 /* GetLiveEventById.graphql in Resources */,
				36206E6E2B936E7900F76521 /* GetUserInteractionForVideo.graphql in Resources */,
				36206E6B2B936E7900F76521 /* IncreaseViewerLiveEvent.graphql in Resources */,
				36206E632B936E7900F76521 /* IncreaseViewerVideo.graphql in Resources */,
				36206E712B936E7900F76521 /* GetVideos.graphql in Resources */,
				36206E4C2B936E5400F76521 /* schema.graphqls in Resources */,
			);
			runOnlyForDeploymentPostprocessing = 0;
		};
		3695F02C2B935E62003925F1 /* Resources */ = {
			isa = PBXResourcesBuildPhase;
			buildActionMask = 2147483647;
			files = (
			);
			runOnlyForDeploymentPostprocessing = 0;
		};
/* End PBXResourcesBuildPhase section */

/* Begin PBXSourcesBuildPhase section */
		3695F01B2B935DDD003925F1 /* Sources */ = {
			isa = PBXSourcesBuildPhase;
			buildActionMask = 2147483647;
			files = (
				3695F03E2B936027003925F1 /* CMLApolloClient.swift in Sources */,
				3695F0412B936072003925F1 /* AuthorizationInterceptor.swift in Sources */,
				3695F04B2B936133003925F1 /* CML.swift in Sources */,
				3695F0482B936104003925F1 /* CMLConstants.swift in Sources */,
				36206E492B936B7100F76521 /* GraphQLClient.swift in Sources */,
				3695F04D2B936143003925F1 /* CMLOptions.swift in Sources */,
				3695F0452B936097003925F1 /* NetworkInterceptorProvider.swift in Sources */,
				3695F0432B93607E003925F1 /* AppSyncRequestBodyCreator.swift in Sources */,
			);
			runOnlyForDeploymentPostprocessing = 0;
		};
		3695F02A2B935E62003925F1 /* Sources */ = {
			isa = PBXSourcesBuildPhase;
			buildActionMask = 2147483647;
			files = (
			);
			runOnlyForDeploymentPostprocessing = 0;
		};
/* End PBXSourcesBuildPhase section */

/* Begin XCBuildConfiguration section */
		3695F0242B935DDD003925F1 /* Debug */ = {
			isa = XCBuildConfiguration;
			buildSettings = {
				ALWAYS_SEARCH_USER_PATHS = NO;
				ASSETCATALOG_COMPILER_GENERATE_SWIFT_ASSET_SYMBOL_EXTENSIONS = YES;
				CLANG_ANALYZER_NONNULL = YES;
				CLANG_ANALYZER_NUMBER_OBJECT_CONVERSION = YES_AGGRESSIVE;
				CLANG_CXX_LANGUAGE_STANDARD = "gnu++20";
				CLANG_ENABLE_MODULES = YES;
				CLANG_ENABLE_OBJC_ARC = YES;
				CLANG_ENABLE_OBJC_WEAK = YES;
				CLANG_WARN_BLOCK_CAPTURE_AUTORELEASING = YES;
				CLANG_WARN_BOOL_CONVERSION = YES;
				CLANG_WARN_COMMA = YES;
				CLANG_WARN_CONSTANT_CONVERSION = YES;
				CLANG_WARN_DEPRECATED_OBJC_IMPLEMENTATIONS = YES;
				CLANG_WARN_DIRECT_OBJC_ISA_USAGE = YES_ERROR;
				CLANG_WARN_DOCUMENTATION_COMMENTS = YES;
				CLANG_WARN_EMPTY_BODY = YES;
				CLANG_WARN_ENUM_CONVERSION = YES;
				CLANG_WARN_INFINITE_RECURSION = YES;
				CLANG_WARN_INT_CONVERSION = YES;
				CLANG_WARN_NON_LITERAL_NULL_CONVERSION = YES;
				CLANG_WARN_OBJC_IMPLICIT_RETAIN_SELF = YES;
				CLANG_WARN_OBJC_LITERAL_CONVERSION = YES;
				CLANG_WARN_OBJC_ROOT_CLASS = YES_ERROR;
				CLANG_WARN_QUOTED_INCLUDE_IN_FRAMEWORK_HEADER = YES;
				CLANG_WARN_RANGE_LOOP_ANALYSIS = YES;
				CLANG_WARN_STRICT_PROTOTYPES = YES;
				CLANG_WARN_SUSPICIOUS_MOVE = YES;
				CLANG_WARN_UNGUARDED_AVAILABILITY = YES_AGGRESSIVE;
				CLANG_WARN_UNREACHABLE_CODE = YES;
				CLANG_WARN__DUPLICATE_METHOD_MATCH = YES;
				COPY_PHASE_STRIP = NO;
				CURRENT_PROJECT_VERSION = 1;
				DEBUG_INFORMATION_FORMAT = dwarf;
				ENABLE_STRICT_OBJC_MSGSEND = YES;
				ENABLE_TESTABILITY = YES;
				ENABLE_USER_SCRIPT_SANDBOXING = YES;
				GCC_C_LANGUAGE_STANDARD = gnu17;
				GCC_DYNAMIC_NO_PIC = NO;
				GCC_NO_COMMON_BLOCKS = YES;
				GCC_OPTIMIZATION_LEVEL = 0;
				GCC_PREPROCESSOR_DEFINITIONS = (
					"DEBUG=1",
					"$(inherited)",
				);
				GCC_WARN_64_TO_32_BIT_CONVERSION = YES;
				GCC_WARN_ABOUT_RETURN_TYPE = YES_ERROR;
				GCC_WARN_UNDECLARED_SELECTOR = YES;
				GCC_WARN_UNINITIALIZED_AUTOS = YES_AGGRESSIVE;
				GCC_WARN_UNUSED_FUNCTION = YES;
				GCC_WARN_UNUSED_VARIABLE = YES;
				LOCALIZATION_PREFERS_STRING_CATALOGS = YES;
				MACOSX_DEPLOYMENT_TARGET = 14.0;
				MTL_ENABLE_DEBUG_INFO = INCLUDE_SOURCE;
				MTL_FAST_MATH = YES;
				ONLY_ACTIVE_ARCH = YES;
				SDKROOT = macosx;
				SWIFT_ACTIVE_COMPILATION_CONDITIONS = "DEBUG $(inherited)";
				SWIFT_OPTIMIZATION_LEVEL = "-Onone";
				VERSIONING_SYSTEM = "apple-generic";
				VERSION_INFO_PREFIX = "";
			};
			name = Debug;
		};
		3695F0252B935DDD003925F1 /* Release */ = {
			isa = XCBuildConfiguration;
			buildSettings = {
				ALWAYS_SEARCH_USER_PATHS = NO;
				ASSETCATALOG_COMPILER_GENERATE_SWIFT_ASSET_SYMBOL_EXTENSIONS = YES;
				CLANG_ANALYZER_NONNULL = YES;
				CLANG_ANALYZER_NUMBER_OBJECT_CONVERSION = YES_AGGRESSIVE;
				CLANG_CXX_LANGUAGE_STANDARD = "gnu++20";
				CLANG_ENABLE_MODULES = YES;
				CLANG_ENABLE_OBJC_ARC = YES;
				CLANG_ENABLE_OBJC_WEAK = YES;
				CLANG_WARN_BLOCK_CAPTURE_AUTORELEASING = YES;
				CLANG_WARN_BOOL_CONVERSION = YES;
				CLANG_WARN_COMMA = YES;
				CLANG_WARN_CONSTANT_CONVERSION = YES;
				CLANG_WARN_DEPRECATED_OBJC_IMPLEMENTATIONS = YES;
				CLANG_WARN_DIRECT_OBJC_ISA_USAGE = YES_ERROR;
				CLANG_WARN_DOCUMENTATION_COMMENTS = YES;
				CLANG_WARN_EMPTY_BODY = YES;
				CLANG_WARN_ENUM_CONVERSION = YES;
				CLANG_WARN_INFINITE_RECURSION = YES;
				CLANG_WARN_INT_CONVERSION = YES;
				CLANG_WARN_NON_LITERAL_NULL_CONVERSION = YES;
				CLANG_WARN_OBJC_IMPLICIT_RETAIN_SELF = YES;
				CLANG_WARN_OBJC_LITERAL_CONVERSION = YES;
				CLANG_WARN_OBJC_ROOT_CLASS = YES_ERROR;
				CLANG_WARN_QUOTED_INCLUDE_IN_FRAMEWORK_HEADER = YES;
				CLANG_WARN_RANGE_LOOP_ANALYSIS = YES;
				CLANG_WARN_STRICT_PROTOTYPES = YES;
				CLANG_WARN_SUSPICIOUS_MOVE = YES;
				CLANG_WARN_UNGUARDED_AVAILABILITY = YES_AGGRESSIVE;
				CLANG_WARN_UNREACHABLE_CODE = YES;
				CLANG_WARN__DUPLICATE_METHOD_MATCH = YES;
				COPY_PHASE_STRIP = NO;
				CURRENT_PROJECT_VERSION = 1;
				DEBUG_INFORMATION_FORMAT = "dwarf-with-dsym";
				ENABLE_NS_ASSERTIONS = NO;
				ENABLE_STRICT_OBJC_MSGSEND = YES;
				ENABLE_USER_SCRIPT_SANDBOXING = YES;
				GCC_C_LANGUAGE_STANDARD = gnu17;
				GCC_NO_COMMON_BLOCKS = YES;
				GCC_WARN_64_TO_32_BIT_CONVERSION = YES;
				GCC_WARN_ABOUT_RETURN_TYPE = YES_ERROR;
				GCC_WARN_UNDECLARED_SELECTOR = YES;
				GCC_WARN_UNINITIALIZED_AUTOS = YES_AGGRESSIVE;
				GCC_WARN_UNUSED_FUNCTION = YES;
				GCC_WARN_UNUSED_VARIABLE = YES;
				LOCALIZATION_PREFERS_STRING_CATALOGS = YES;
				MACOSX_DEPLOYMENT_TARGET = 14.0;
				MTL_ENABLE_DEBUG_INFO = NO;
				MTL_FAST_MATH = YES;
				SDKROOT = macosx;
				SWIFT_COMPILATION_MODE = wholemodule;
				VERSIONING_SYSTEM = "apple-generic";
				VERSION_INFO_PREFIX = "";
			};
			name = Release;
		};
		3695F0272B935DDD003925F1 /* Debug */ = {
			isa = XCBuildConfiguration;
			buildSettings = {
				CLANG_ENABLE_MODULES = YES;
				CODE_SIGN_STYLE = Automatic;
				COMBINE_HIDPI_IMAGES = YES;
				CURRENT_PROJECT_VERSION = 1;
				DEFINES_MODULE = YES;
				DEVELOPMENT_TEAM = P624PPMU63;
				DYLIB_COMPATIBILITY_VERSION = 1;
				DYLIB_CURRENT_VERSION = 1;
				DYLIB_INSTALL_NAME_BASE = "@rpath";
				ENABLE_MODULE_VERIFIER = YES;
				GENERATE_INFOPLIST_FILE = YES;
				INFOPLIST_KEY_NSHumanReadableCopyright = "";
				INSTALL_PATH = "$(LOCAL_LIBRARY_DIR)/Frameworks";
				IPHONEOS_DEPLOYMENT_TARGET = 12.0;
				LD_RUNPATH_SEARCH_PATHS = (
					"$(inherited)",
					"@executable_path/../Frameworks",
					"@loader_path/Frameworks",
				);
				MARKETING_VERSION = 1.0;
				MODULE_VERIFIER_SUPPORTED_LANGUAGES = "objective-c objective-c++";
				MODULE_VERIFIER_SUPPORTED_LANGUAGE_STANDARDS = "gnu17 gnu++20";
				PRODUCT_BUNDLE_IDENTIFIER = com.clickmelive.core;
				PRODUCT_NAME = "$(TARGET_NAME:c99extidentifier)";
				SKIP_INSTALL = YES;
				SUPPORTED_PLATFORMS = "macosx iphoneos iphonesimulator";
				SWIFT_EMIT_LOC_STRINGS = YES;
				SWIFT_OPTIMIZATION_LEVEL = "-Onone";
				SWIFT_VERSION = 5.0;
			};
			name = Debug;
		};
		3695F0282B935DDD003925F1 /* Release */ = {
			isa = XCBuildConfiguration;
			buildSettings = {
				CLANG_ENABLE_MODULES = YES;
				CODE_SIGN_STYLE = Automatic;
				COMBINE_HIDPI_IMAGES = YES;
				CURRENT_PROJECT_VERSION = 1;
				DEFINES_MODULE = YES;
				DEVELOPMENT_TEAM = P624PPMU63;
				DYLIB_COMPATIBILITY_VERSION = 1;
				DYLIB_CURRENT_VERSION = 1;
				DYLIB_INSTALL_NAME_BASE = "@rpath";
				ENABLE_MODULE_VERIFIER = YES;
				GENERATE_INFOPLIST_FILE = YES;
				INFOPLIST_KEY_NSHumanReadableCopyright = "";
				INSTALL_PATH = "$(LOCAL_LIBRARY_DIR)/Frameworks";
				IPHONEOS_DEPLOYMENT_TARGET = 12.0;
				LD_RUNPATH_SEARCH_PATHS = (
					"$(inherited)",
					"@executable_path/../Frameworks",
					"@loader_path/Frameworks",
				);
				MARKETING_VERSION = 1.0;
				MODULE_VERIFIER_SUPPORTED_LANGUAGES = "objective-c objective-c++";
				MODULE_VERIFIER_SUPPORTED_LANGUAGE_STANDARDS = "gnu17 gnu++20";
				PRODUCT_BUNDLE_IDENTIFIER = com.clickmelive.core;
				PRODUCT_NAME = "$(TARGET_NAME:c99extidentifier)";
				SKIP_INSTALL = YES;
				SUPPORTED_PLATFORMS = "macosx iphoneos iphonesimulator";
				SWIFT_EMIT_LOC_STRINGS = YES;
				SWIFT_VERSION = 5.0;
			};
			name = Release;
		};
		3695F0332B935E62003925F1 /* Debug */ = {
			isa = XCBuildConfiguration;
			buildSettings = {
				CODE_SIGN_STYLE = Automatic;
				CURRENT_PROJECT_VERSION = 1;
				DEFINES_MODULE = NO;
				DEVELOPMENT_TEAM = P624PPMU63;
				DYLIB_COMPATIBILITY_VERSION = 1;
				DYLIB_CURRENT_VERSION = 1;
				DYLIB_INSTALL_NAME_BASE = "@rpath";
				ENABLE_MODULE_VERIFIER = YES;
				GENERATE_INFOPLIST_FILE = YES;
				INFOPLIST_KEY_NSHumanReadableCopyright = "";
				INSTALL_PATH = "$(LOCAL_LIBRARY_DIR)/Frameworks";
				IPHONEOS_DEPLOYMENT_TARGET = 12.0;
				LD_RUNPATH_SEARCH_PATHS = (
					"$(inherited)",
					"@executable_path/Frameworks",
					"@loader_path/Frameworks",
				);
				MARKETING_VERSION = 1.0;
				MODULE_VERIFIER_SUPPORTED_LANGUAGES = "objective-c objective-c++";
				MODULE_VERIFIER_SUPPORTED_LANGUAGE_STANDARDS = "gnu17 gnu++20";
				PRODUCT_BUNDLE_IDENTIFIER = com.clickmelive.ui;
				PRODUCT_NAME = "$(TARGET_NAME:c99extidentifier)";
				SDKROOT = iphoneos;
				SKIP_INSTALL = YES;
				SWIFT_EMIT_LOC_STRINGS = YES;
				SWIFT_VERSION = 5.0;
				TARGETED_DEVICE_FAMILY = "1,2";
			};
			name = Debug;
		};
		3695F0342B935E62003925F1 /* Release */ = {
			isa = XCBuildConfiguration;
			buildSettings = {
				CODE_SIGN_STYLE = Automatic;
				CURRENT_PROJECT_VERSION = 1;
				DEFINES_MODULE = NO;
				DEVELOPMENT_TEAM = P624PPMU63;
				DYLIB_COMPATIBILITY_VERSION = 1;
				DYLIB_CURRENT_VERSION = 1;
				DYLIB_INSTALL_NAME_BASE = "@rpath";
				ENABLE_MODULE_VERIFIER = YES;
				GENERATE_INFOPLIST_FILE = YES;
				INFOPLIST_KEY_NSHumanReadableCopyright = "";
				INSTALL_PATH = "$(LOCAL_LIBRARY_DIR)/Frameworks";
				IPHONEOS_DEPLOYMENT_TARGET = 12.0;
				LD_RUNPATH_SEARCH_PATHS = (
					"$(inherited)",
					"@executable_path/Frameworks",
					"@loader_path/Frameworks",
				);
				MARKETING_VERSION = 1.0;
				MODULE_VERIFIER_SUPPORTED_LANGUAGES = "objective-c objective-c++";
				MODULE_VERIFIER_SUPPORTED_LANGUAGE_STANDARDS = "gnu17 gnu++20";
				PRODUCT_BUNDLE_IDENTIFIER = com.clickmelive.ui;
				PRODUCT_NAME = "$(TARGET_NAME:c99extidentifier)";
				SDKROOT = iphoneos;
				SKIP_INSTALL = YES;
				SWIFT_EMIT_LOC_STRINGS = YES;
				SWIFT_VERSION = 5.0;
				TARGETED_DEVICE_FAMILY = "1,2";
				VALIDATE_PRODUCT = YES;
			};
			name = Release;
		};
/* End XCBuildConfiguration section */

/* Begin XCConfigurationList section */
		3695F0192B935DDD003925F1 /* Build configuration list for PBXProject "Clickmelive" */ = {
			isa = XCConfigurationList;
			buildConfigurations = (
				3695F0242B935DDD003925F1 /* Debug */,
				3695F0252B935DDD003925F1 /* Release */,
			);
			defaultConfigurationIsVisible = 0;
			defaultConfigurationName = Release;
		};
		3695F0262B935DDD003925F1 /* Build configuration list for PBXNativeTarget "ClickmeliveCore" */ = {
			isa = XCConfigurationList;
			buildConfigurations = (
				3695F0272B935DDD003925F1 /* Debug */,
				3695F0282B935DDD003925F1 /* Release */,
			);
			defaultConfigurationIsVisible = 0;
			defaultConfigurationName = Release;
		};
		3695F0322B935E62003925F1 /* Build configuration list for PBXNativeTarget "ClickmeliveUI" */ = {
			isa = XCConfigurationList;
			buildConfigurations = (
				3695F0332B935E62003925F1 /* Debug */,
				3695F0342B935E62003925F1 /* Release */,
			);
			defaultConfigurationIsVisible = 0;
			defaultConfigurationName = Release;
		};
/* End XCConfigurationList section */

/* Begin XCLocalSwiftPackageReference section */
		36206E732B93702B00F76521 /* XCLocalSwiftPackageReference "ClickmeliveSaasAPI" */ = {
			isa = XCLocalSwiftPackageReference;
			relativePath = ClickmeliveSaasAPI;
		};
/* End XCLocalSwiftPackageReference section */

/* Begin XCRemoteSwiftPackageReference section */
		3695F0362B935FFB003925F1 /* XCRemoteSwiftPackageReference "apollo-ios" */ = {
			isa = XCRemoteSwiftPackageReference;
			repositoryURL = "https://github.com/apollographql/apollo-ios.git";
			requirement = {
				kind = upToNextMajorVersion;
				minimumVersion = 1.9.0;
			};
		};
/* End XCRemoteSwiftPackageReference section */

/* Begin XCSwiftPackageProductDependency section */
		36206E742B93702B00F76521 /* ClickmeliveSaasAPI */ = {
			isa = XCSwiftPackageProductDependency;
			productName = ClickmeliveSaasAPI;
		};
		3695F0372B935FFB003925F1 /* Apollo */ = {
			isa = XCSwiftPackageProductDependency;
			package = 3695F0362B935FFB003925F1 /* XCRemoteSwiftPackageReference "apollo-ios" */;
			productName = Apollo;
		};
		3695F0392B935FFB003925F1 /* ApolloAPI */ = {
			isa = XCSwiftPackageProductDependency;
			package = 3695F0362B935FFB003925F1 /* XCRemoteSwiftPackageReference "apollo-ios" */;
			productName = ApolloAPI;
		};
		3695F03B2B935FFB003925F1 /* ApolloWebSocket */ = {
			isa = XCSwiftPackageProductDependency;
			package = 3695F0362B935FFB003925F1 /* XCRemoteSwiftPackageReference "apollo-ios" */;
			productName = ApolloWebSocket;
		};
/* End XCSwiftPackageProductDependency section */
	};
	rootObject = 3695F0162B935DDD003925F1 /* Project object */;
}
